
Microsoft Visual Studio Solution File, Format Version 12.00
# Visual Studio Version 17
VisualStudioVersion = 17.4.33006.217
MinimumVisualStudioVersion = 10.0.40219.1
Project("{9A19103F-16F7-4668-BE54-9A1E7A4F7556}") = "ParserConsole", "ParserConsole\ParserConsole.csproj", "{B142AC66-E798-416D-8300-C47D8B86FC0C}"
EndProject
Project("{9A19103F-16F7-4668-BE54-9A1E7A4F7556}") = "BenchMark", "BenchMark\BenchMark.csproj", "{CE2C3DD3-EBE8-444F-9914-72874D19E931}"
EndProject
Project("{D954291E-2A0B-460D-934E-DC6B0785DB48}") = "Security", "..\Security\Security\Security.shproj", "{FBE81F08-B1B2-4470-8922-FAF3409809CD}"
EndProject
Project("{D954291E-2A0B-460D-934E-DC6B0785DB48}") = "Parser", "..\Parser\Parser\Parser.shproj", "{E6DFF66E-4027-41B7-9DED-C2442A0F077D}"
EndProject
Global
	GlobalSection(SolutionConfigurationPlatforms) = preSolution
		Debug|Any CPU = Debug|Any CPU
		Release|Any CPU = Release|Any CPU
	EndGlobalSection
	GlobalSection(ProjectConfigurationPlatforms) = postSolution
		{B142AC66-E798-416D-8300-C47D8B86FC0C}.Debug|Any CPU.ActiveCfg = Debug|Any CPU
		{B142AC66-E798-416D-8300-C47D8B86FC0C}.Debug|Any CPU.Build.0 = Debug|Any CPU
		{B142AC66-E798-416D-8300-C47D8B86FC0C}.Release|Any CPU.ActiveCfg = Release|Any CPU
		{B142AC66-E798-416D-8300-C47D8B86FC0C}.Release|Any CPU.Build.0 = Release|Any CPU
		{CE2C3DD3-EBE8-444F-9914-72874D19E931}.Debug|Any CPU.ActiveCfg = Debug|Any CPU
		{CE2C3DD3-EBE8-444F-9914-72874D19E931}.Debug|Any CPU.Build.0 = Debug|Any CPU
		{CE2C3DD3-EBE8-444F-9914-72874D19E931}.Release|Any CPU.ActiveCfg = Release|Any CPU
		{CE2C3DD3-EBE8-444F-9914-72874D19E931}.Release|Any CPU.Build.0 = Release|Any CPU
	EndGlobalSection
	GlobalSection(SolutionProperties) = preSolution
		HideSolutionNode = FALSE
	EndGlobalSection
	GlobalSection(ExtensibilityGlobals) = postSolution
		SolutionGuid = {17F09393-A1DF-46EC-9913-D97361573604}
	EndGlobalSection
	GlobalSection(SharedMSBuildProjectFiles) = preSolution
		..\Parser\Parser\Parser.projitems*{b142ac66-e798-416d-8300-c47d8b86fc0c}*SharedItemsImports = 5
		..\Security\Security\Security.projitems*{b142ac66-e798-416d-8300-c47d8b86fc0c}*SharedItemsImports = 5
		..\Parser\Parser\Parser.projitems*{e6dff66e-4027-41b7-9ded-c2442a0f077d}*SharedItemsImports = 13
		..\Security\Security\Security.projitems*{fbe81f08-b1b2-4470-8922-faf3409809cd}*SharedItemsImports = 13
	EndGlobalSection
EndGlobal
